
Microsoft Visual Studio Solution File, Format Version 12.00
# Visual Studio Version 16
VisualStudioVersion = 16.0.29326.143
MinimumVisualStudioVersion = 10.0.40219.1
Project("{FAE04EC0-301F-11D3-BF4B-00C04F79EFBC}") = "Smart", "Smart\Smart.csproj", "{78D17D0B-ED15-49AD-812B-28EEB6F43DFC}"
EndProject
Global
	GlobalSection(SolutionConfigurationPlatforms) = preSolution
		Debug|Any CPU = Debug|Any CPU
		Release|Any CPU = Release|Any CPU
	EndGlobalSection
	GlobalSection(ProjectConfigurationPlatforms) = postSolution
		{78D17D0B-ED15-49AD-812B-28EEB6F43DFC}.Debug|Any CPU.ActiveCfg = Debug|Any CPU
		{78D17D0B-ED15-49AD-812B-28EEB6F43DFC}.Debug|Any CPU.Build.0 = Debug|Any CPU
		{78D17D0B-ED15-49AD-812B-28EEB6F43DFC}.Release|Any CPU.ActiveCfg = Release|Any CPU
		{78D17D0B-ED15-49AD-812B-28EEB6F43DFC}.Release|Any CPU.Build.0 = Release|Any CPU
	EndGlobalSection
	GlobalSection(SolutionProperties) = preSolution
		HideSolutionNode = FALSE
	EndGlobalSection
	GlobalSection(ExtensibilityGlobals) = postSolution
		SolutionGuid = {0E8D2493-1F2F-440F-94C6-57B25C133985}
	EndGlobalSection
EndGlobal
